
Microsoft Visual Studio Solution File, Format Version 12.00
# Visual Studio 15
VisualStudioVersion = 15.0.27428.2043
MinimumVisualStudioVersion = 10.0.40219.1
Project("{9A19103F-16F7-4668-BE54-9A1E7A4F7556}") = "ChustaSoft.Common", "ChustaSoft.Common\ChustaSoft.Common.csproj", "{01B32248-4EF1-48D4-99B7-7EBFB2E85BAE}"
EndProject
Project("{9A19103F-16F7-4668-BE54-9A1E7A4F7556}") = "ChustaSoft.Common.UnitTest", "ChustaSoft.Common.UnitTest\ChustaSoft.Common.UnitTest.csproj", "{E4229203-A93E-4A38-B135-6B6DD89339CC}"
EndProject
Project("{FAE04EC0-301F-11D3-BF4B-00C04F79EFBC}") = "ChustaSoft.Common.AspNet", "ChustaSoft.Common.AspNet\ChustaSoft.Common.AspNet.csproj", "{D694EE58-A797-416D-886C-D29CEF590E0D}"
EndProject
Global
	GlobalSection(SolutionConfigurationPlatforms) = preSolution
		Debug|Any CPU = Debug|Any CPU
		Release|Any CPU = Release|Any CPU
	EndGlobalSection
	GlobalSection(ProjectConfigurationPlatforms) = postSolution
		{01B32248-4EF1-48D4-99B7-7EBFB2E85BAE}.Debug|Any CPU.ActiveCfg = Debug|Any CPU
		{01B32248-4EF1-48D4-99B7-7EBFB2E85BAE}.Debug|Any CPU.Build.0 = Debug|Any CPU
		{01B32248-4EF1-48D4-99B7-7EBFB2E85BAE}.Release|Any CPU.ActiveCfg = Release|Any CPU
		{01B32248-4EF1-48D4-99B7-7EBFB2E85BAE}.Release|Any CPU.Build.0 = Release|Any CPU
		{E4229203-A93E-4A38-B135-6B6DD89339CC}.Debug|Any CPU.ActiveCfg = Debug|Any CPU
		{E4229203-A93E-4A38-B135-6B6DD89339CC}.Debug|Any CPU.Build.0 = Debug|Any CPU
		{E4229203-A93E-4A38-B135-6B6DD89339CC}.Release|Any CPU.ActiveCfg = Release|Any CPU
		{E4229203-A93E-4A38-B135-6B6DD89339CC}.Release|Any CPU.Build.0 = Release|Any CPU
		{D694EE58-A797-416D-886C-D29CEF590E0D}.Debug|Any CPU.ActiveCfg = Debug|Any CPU
		{D694EE58-A797-416D-886C-D29CEF590E0D}.Debug|Any CPU.Build.0 = Debug|Any CPU
		{D694EE58-A797-416D-886C-D29CEF590E0D}.Release|Any CPU.ActiveCfg = Release|Any CPU
		{D694EE58-A797-416D-886C-D29CEF590E0D}.Release|Any CPU.Build.0 = Release|Any CPU
	EndGlobalSection
	GlobalSection(SolutionProperties) = preSolution
		HideSolutionNode = FALSE
	EndGlobalSection
	GlobalSection(ExtensibilityGlobals) = postSolution
		SolutionGuid = {94984630-C46B-42F8-B7E9-9D1AD1A8F57B}
	EndGlobalSection
EndGlobal
